
Microsoft Visual Studio Solution File, Format Version 12.00
# Visual Studio Version 17
VisualStudioVersion = 17.14.36301.6 d17.14
MinimumVisualStudioVersion = 10.0.40219.1
Project("{FAE04EC0-301F-11D3-BF4B-00C04F79EFBC}") = "CartifyEco", "CartifyEco\CartifyEco.csproj", "{2545A0AA-9B19-435F-BF28-D8CA82041BDA}"
EndProject
Project("{FAE04EC0-301F-11D3-BF4B-00C04F79EFBC}") = "Cartify.BLL", "Cartify.BLL\Cartify.BLL.csproj", "{0B0FDF47-D64B-4834-A330-794F80B5D071}"
EndProject
Project("{FAE04EC0-301F-11D3-BF4B-00C04F79EFBC}") = "Cartify.DAL", "Cartify.DAL\Cartify.DAL.csproj", "{C7627C5F-E12F-413C-9BBB-CF9CBE5CE792}"
EndProject
Global
	GlobalSection(SolutionConfigurationPlatforms) = preSolution
		Debug|Any CPU = Debug|Any CPU
		Release|Any CPU = Release|Any CPU
	EndGlobalSection
	GlobalSection(ProjectConfigurationPlatforms) = postSolution
		{2545A0AA-9B19-435F-BF28-D8CA82041BDA}.Debug|Any CPU.ActiveCfg = Debug|Any CPU
		{2545A0AA-9B19-435F-BF28-D8CA82041BDA}.Debug|Any CPU.Build.0 = Debug|Any CPU
		{2545A0AA-9B19-435F-BF28-D8CA82041BDA}.Release|Any CPU.ActiveCfg = Release|Any CPU
		{2545A0AA-9B19-435F-BF28-D8CA82041BDA}.Release|Any CPU.Build.0 = Release|Any CPU
		{0B0FDF47-D64B-4834-A330-794F80B5D071}.Debug|Any CPU.ActiveCfg = Debug|Any CPU
		{0B0FDF47-D64B-4834-A330-794F80B5D071}.Debug|Any CPU.Build.0 = Debug|Any CPU
		{0B0FDF47-D64B-4834-A330-794F80B5D071}.Release|Any CPU.ActiveCfg = Release|Any CPU
		{0B0FDF47-D64B-4834-A330-794F80B5D071}.Release|Any CPU.Build.0 = Release|Any CPU
		{C7627C5F-E12F-413C-9BBB-CF9CBE5CE792}.Debug|Any CPU.ActiveCfg = Debug|Any CPU
		{C7627C5F-E12F-413C-9BBB-CF9CBE5CE792}.Debug|Any CPU.Build.0 = Debug|Any CPU
		{C7627C5F-E12F-413C-9BBB-CF9CBE5CE792}.Release|Any CPU.ActiveCfg = Release|Any CPU
		{C7627C5F-E12F-413C-9BBB-CF9CBE5CE792}.Release|Any CPU.Build.0 = Release|Any CPU
	EndGlobalSection
	GlobalSection(SolutionProperties) = preSolution
		HideSolutionNode = FALSE
	EndGlobalSection
	GlobalSection(ExtensibilityGlobals) = postSolution
		SolutionGuid = {4708E016-9FD4-46EA-A7C4-FC80CCCE65E9}
	EndGlobalSection
EndGlobal
